
Microsoft Visual Studio Solution File, Format Version 12.00
Project("{FAE04EC0-301F-11D3-BF4B-00C04F79EFBC}") = "Microsoft.Extensions.DependencyInjection.Fake", "Microsoft.Extensions.DependencyInjection.Fake\Microsoft.Extensions.DependencyInjection.Fake.csproj", "{F336167B-22D8-4E16-81AA-53C5FEECFFAF}"
EndProject
Global
	GlobalSection(SolutionConfigurationPlatforms) = preSolution
		Debug|Any CPU = Debug|Any CPU
		Release|Any CPU = Release|Any CPU
	EndGlobalSection
	GlobalSection(ProjectConfigurationPlatforms) = postSolution
		{F336167B-22D8-4E16-81AA-53C5FEECFFAF}.Debug|Any CPU.ActiveCfg = Debug|Any CPU
		{F336167B-22D8-4E16-81AA-53C5FEECFFAF}.Debug|Any CPU.Build.0 = Debug|Any CPU
		{F336167B-22D8-4E16-81AA-53C5FEECFFAF}.Release|Any CPU.ActiveCfg = Release|Any CPU
		{F336167B-22D8-4E16-81AA-53C5FEECFFAF}.Release|Any CPU.Build.0 = Release|Any CPU
	EndGlobalSection
EndGlobal
